# This file is automatically @generated by Cargo.
# It is not intended for manual editing.
version = 4

[[package]]
name = "hello-world-app"
version = "0.1.0"
dependencies = [
 "hello-world-lib 0.1.0 (sparse+https://dependabot-authenticated-registry-demo.swedencentral.cloudapp.azure.com/index/)",
]

[[package]]
name = "hello-world-lib"
version = "0.1.0"

[[package]]
name = "hello-world-lib"
version = "0.1.0"
source = "sparse+https://dependabot-authenticated-registry-demo.swedencentral.cloudapp.azure.com/index/"
checksum = "1adf03e9609f1a3e8543c6d68007ce7d7abaeee6b274c80d239be83ad2525ca9"
